
Microsoft Visual Studio Solution File, Format Version 12.00
# Visual Studio Version 17
VisualStudioVersion = 17.11.35327.3
MinimumVisualStudioVersion = 10.0.40219.1
Project("{FAE04EC0-301F-11D3-BF4B-00C04F79EFBC}") = "WebAPIGetway", "WebAPIGetway\WebAPIGetway.csproj", "{8BDEC154-5D0F-48EC-AE83-9FA18345CF52}"
EndProject
Project("{FAE04EC0-301F-11D3-BF4B-00C04F79EFBC}") = "BasketAPI", "BasketAPI\BasketAPI.csproj", "{9E60CFA1-4F46-4F68-BCA8-B3571AC70007}"
EndProject
Project("{FAE04EC0-301F-11D3-BF4B-00C04F79EFBC}") = "IdentifyAPI", "IdentifyAPI\IdentifyAPI.csproj", "{597E66E1-C796-4373-9B48-849A2F4A8356}"
EndProject
Global
	GlobalSection(SolutionConfigurationPlatforms) = preSolution
		Debug|Any CPU = Debug|Any CPU
		Release|Any CPU = Release|Any CPU
	EndGlobalSection
	GlobalSection(ProjectConfigurationPlatforms) = postSolution
		{8BDEC154-5D0F-48EC-AE83-9FA18345CF52}.Debug|Any CPU.ActiveCfg = Debug|Any CPU
		{8BDEC154-5D0F-48EC-AE83-9FA18345CF52}.Debug|Any CPU.Build.0 = Debug|Any CPU
		{8BDEC154-5D0F-48EC-AE83-9FA18345CF52}.Release|Any CPU.ActiveCfg = Release|Any CPU
		{8BDEC154-5D0F-48EC-AE83-9FA18345CF52}.Release|Any CPU.Build.0 = Release|Any CPU
		{9E60CFA1-4F46-4F68-BCA8-B3571AC70007}.Debug|Any CPU.ActiveCfg = Debug|Any CPU
		{9E60CFA1-4F46-4F68-BCA8-B3571AC70007}.Debug|Any CPU.Build.0 = Debug|Any CPU
		{9E60CFA1-4F46-4F68-BCA8-B3571AC70007}.Release|Any CPU.ActiveCfg = Release|Any CPU
		{9E60CFA1-4F46-4F68-BCA8-B3571AC70007}.Release|Any CPU.Build.0 = Release|Any CPU
		{597E66E1-C796-4373-9B48-849A2F4A8356}.Debug|Any CPU.ActiveCfg = Debug|Any CPU
		{597E66E1-C796-4373-9B48-849A2F4A8356}.Debug|Any CPU.Build.0 = Debug|Any CPU
		{597E66E1-C796-4373-9B48-849A2F4A8356}.Release|Any CPU.ActiveCfg = Release|Any CPU
		{597E66E1-C796-4373-9B48-849A2F4A8356}.Release|Any CPU.Build.0 = Release|Any CPU
	EndGlobalSection
	GlobalSection(SolutionProperties) = preSolution
		HideSolutionNode = FALSE
	EndGlobalSection
	GlobalSection(ExtensibilityGlobals) = postSolution
		SolutionGuid = {A50BDDB7-FAFB-4DAE-8B78-6108D58869E6}
	EndGlobalSection
EndGlobal
